
Microsoft Visual Studio Solution File, Format Version 12.00
# Visual Studio Version 16
VisualStudioVersion = 16.0.30225.117
MinimumVisualStudioVersion = 10.0.40219.1
Project("{FAE04EC0-301F-11D3-BF4B-00C04F79EFBC}") = "Programação Orientada a Objetos", "Programação Orientada a Objetos\Programação Orientada a Objetos.csproj", "{227390A6-5686-4C46-BD1B-EF7F79703839}"
EndProject
Global
	GlobalSection(SolutionConfigurationPlatforms) = preSolution
		Debug|Any CPU = Debug|Any CPU
		Release|Any CPU = Release|Any CPU
	EndGlobalSection
	GlobalSection(ProjectConfigurationPlatforms) = postSolution
		{227390A6-5686-4C46-BD1B-EF7F79703839}.Debug|Any CPU.ActiveCfg = Debug|Any CPU
		{227390A6-5686-4C46-BD1B-EF7F79703839}.Debug|Any CPU.Build.0 = Debug|Any CPU
		{227390A6-5686-4C46-BD1B-EF7F79703839}.Release|Any CPU.ActiveCfg = Release|Any CPU
		{227390A6-5686-4C46-BD1B-EF7F79703839}.Release|Any CPU.Build.0 = Release|Any CPU
	EndGlobalSection
	GlobalSection(SolutionProperties) = preSolution
		HideSolutionNode = FALSE
	EndGlobalSection
	GlobalSection(ExtensibilityGlobals) = postSolution
		SolutionGuid = {267E1449-852E-41C9-8328-4C4555B6ED40}
	EndGlobalSection
EndGlobal
